
Microsoft Visual Studio Solution File, Format Version 12.00
# Visual Studio Version 17
VisualStudioVersion = 17.1.32328.378
MinimumVisualStudioVersion = 10.0.40219.1
Project("{9A19103F-16F7-4668-BE54-9A1E7A4F7556}") = "ComicsApp", "ComicsApp\ComicsApp.csproj", "{B1FB6E8A-4145-433E-842F-1C4741EB2D5F}"
EndProject
Global
	GlobalSection(SolutionConfigurationPlatforms) = preSolution
		Debug|Any CPU = Debug|Any CPU
		Release|Any CPU = Release|Any CPU
	EndGlobalSection
	GlobalSection(ProjectConfigurationPlatforms) = postSolution
		{B1FB6E8A-4145-433E-842F-1C4741EB2D5F}.Debug|Any CPU.ActiveCfg = Debug|Any CPU
		{B1FB6E8A-4145-433E-842F-1C4741EB2D5F}.Debug|Any CPU.Build.0 = Debug|Any CPU
		{B1FB6E8A-4145-433E-842F-1C4741EB2D5F}.Release|Any CPU.ActiveCfg = Release|Any CPU
		{B1FB6E8A-4145-433E-842F-1C4741EB2D5F}.Release|Any CPU.Build.0 = Release|Any CPU
	EndGlobalSection
	GlobalSection(SolutionProperties) = preSolution
		HideSolutionNode = FALSE
	EndGlobalSection
	GlobalSection(ExtensibilityGlobals) = postSolution
		SolutionGuid = {277706C4-7115-4BA2-88D4-35E3D7863145}
	EndGlobalSection
EndGlobal
